
Microsoft Visual Studio Solution File, Format Version 12.00
# Visual Studio 2012
Project("{FAE04EC0-301F-11D3-BF4B-00C04F79EFBC}") = "Xamarin.ShortcutBadger", "Xamarin.ShortcutBadger.csproj", "{49DD0737-ED88-4548-B0AF-D6A31CCBB2EC}"
EndProject
Project("{FAE04EC0-301F-11D3-BF4B-00C04F79EFBC}") = "Xam.ShortcutBadger.Binding", "Xam.ShortcutBadger.Binding\Xam.ShortcutBadger.Binding.csproj", "{77AC5D70-FC29-4192-A2ED-4325C410CBF4}"
EndProject
Global
	GlobalSection(SolutionConfigurationPlatforms) = preSolution
		Debug|Any CPU = Debug|Any CPU
		Release|Any CPU = Release|Any CPU
	EndGlobalSection
	GlobalSection(ProjectConfigurationPlatforms) = postSolution
		{49DD0737-ED88-4548-B0AF-D6A31CCBB2EC}.Debug|Any CPU.ActiveCfg = Debug|Any CPU
		{49DD0737-ED88-4548-B0AF-D6A31CCBB2EC}.Debug|Any CPU.Build.0 = Debug|Any CPU
		{49DD0737-ED88-4548-B0AF-D6A31CCBB2EC}.Release|Any CPU.ActiveCfg = Release|Any CPU
		{49DD0737-ED88-4548-B0AF-D6A31CCBB2EC}.Release|Any CPU.Build.0 = Release|Any CPU
		{77AC5D70-FC29-4192-A2ED-4325C410CBF4}.Debug|Any CPU.ActiveCfg = Debug|Any CPU
		{77AC5D70-FC29-4192-A2ED-4325C410CBF4}.Debug|Any CPU.Build.0 = Debug|Any CPU
		{77AC5D70-FC29-4192-A2ED-4325C410CBF4}.Release|Any CPU.ActiveCfg = Release|Any CPU
		{77AC5D70-FC29-4192-A2ED-4325C410CBF4}.Release|Any CPU.Build.0 = Release|Any CPU
	EndGlobalSection
EndGlobal
